
Microsoft Visual Studio Solution File, Format Version 12.00
# Visual Studio Version 17
VisualStudioVersion = 17.6.33712.159
MinimumVisualStudioVersion = 10.0.40219.1
Project("{9A19103F-16F7-4668-BE54-9A1E7A4F7556}") = "NLayer.Core", "NLayer.Core\NLayer.Core.csproj", "{650AB7CC-5893-453C-A8DD-D02C2B20836D}"
EndProject
Project("{9A19103F-16F7-4668-BE54-9A1E7A4F7556}") = "NLayer.Repository", "NLayer.Repository\NLayer.Repository.csproj", "{AC4C56A5-0B20-48A8-A213-CE8E89877823}"
EndProject
Project("{9A19103F-16F7-4668-BE54-9A1E7A4F7556}") = "NLayer.Service", "NLayer.Service\NLayer.Service.csproj", "{A1834595-F954-4771-B34A-6C9133162526}"
EndProject
Project("{FAE04EC0-301F-11D3-BF4B-00C04F79EFBC}") = "NLayer.API", "NLayer.API\NLayer.API.csproj", "{D3DFE432-E68F-4359-995F-4F69E10D8448}"
EndProject
Project("{9A19103F-16F7-4668-BE54-9A1E7A4F7556}") = "NLayer.Web", "NLayer.Web\NLayer.Web.csproj", "{E391CE57-FA62-4531-9516-B97CDF21C2E3}"
EndProject
Project("{9A19103F-16F7-4668-BE54-9A1E7A4F7556}") = "NLayer.Caching", "NLayer.Caching\NLayer.Caching.csproj", "{7B1D4B66-5560-4992-9453-44310EDD990D}"
EndProject
Global
	GlobalSection(SolutionConfigurationPlatforms) = preSolution
		Debug|Any CPU = Debug|Any CPU
		Release|Any CPU = Release|Any CPU
	EndGlobalSection
	GlobalSection(ProjectConfigurationPlatforms) = postSolution
		{650AB7CC-5893-453C-A8DD-D02C2B20836D}.Debug|Any CPU.ActiveCfg = Debug|Any CPU
		{650AB7CC-5893-453C-A8DD-D02C2B20836D}.Debug|Any CPU.Build.0 = Debug|Any CPU
		{650AB7CC-5893-453C-A8DD-D02C2B20836D}.Release|Any CPU.ActiveCfg = Release|Any CPU
		{650AB7CC-5893-453C-A8DD-D02C2B20836D}.Release|Any CPU.Build.0 = Release|Any CPU
		{AC4C56A5-0B20-48A8-A213-CE8E89877823}.Debug|Any CPU.ActiveCfg = Debug|Any CPU
		{AC4C56A5-0B20-48A8-A213-CE8E89877823}.Debug|Any CPU.Build.0 = Debug|Any CPU
		{AC4C56A5-0B20-48A8-A213-CE8E89877823}.Release|Any CPU.ActiveCfg = Release|Any CPU
		{AC4C56A5-0B20-48A8-A213-CE8E89877823}.Release|Any CPU.Build.0 = Release|Any CPU
		{A1834595-F954-4771-B34A-6C9133162526}.Debug|Any CPU.ActiveCfg = Debug|Any CPU
		{A1834595-F954-4771-B34A-6C9133162526}.Debug|Any CPU.Build.0 = Debug|Any CPU
		{A1834595-F954-4771-B34A-6C9133162526}.Release|Any CPU.ActiveCfg = Release|Any CPU
		{A1834595-F954-4771-B34A-6C9133162526}.Release|Any CPU.Build.0 = Release|Any CPU
		{D3DFE432-E68F-4359-995F-4F69E10D8448}.Debug|Any CPU.ActiveCfg = Debug|Any CPU
		{D3DFE432-E68F-4359-995F-4F69E10D8448}.Debug|Any CPU.Build.0 = Debug|Any CPU
		{D3DFE432-E68F-4359-995F-4F69E10D8448}.Release|Any CPU.ActiveCfg = Release|Any CPU
		{D3DFE432-E68F-4359-995F-4F69E10D8448}.Release|Any CPU.Build.0 = Release|Any CPU
		{E391CE57-FA62-4531-9516-B97CDF21C2E3}.Debug|Any CPU.ActiveCfg = Debug|Any CPU
		{E391CE57-FA62-4531-9516-B97CDF21C2E3}.Debug|Any CPU.Build.0 = Debug|Any CPU
		{E391CE57-FA62-4531-9516-B97CDF21C2E3}.Release|Any CPU.ActiveCfg = Release|Any CPU
		{E391CE57-FA62-4531-9516-B97CDF21C2E3}.Release|Any CPU.Build.0 = Release|Any CPU
		{7B1D4B66-5560-4992-9453-44310EDD990D}.Debug|Any CPU.ActiveCfg = Debug|Any CPU
		{7B1D4B66-5560-4992-9453-44310EDD990D}.Debug|Any CPU.Build.0 = Debug|Any CPU
		{7B1D4B66-5560-4992-9453-44310EDD990D}.Release|Any CPU.ActiveCfg = Release|Any CPU
		{7B1D4B66-5560-4992-9453-44310EDD990D}.Release|Any CPU.Build.0 = Release|Any CPU
	EndGlobalSection
	GlobalSection(SolutionProperties) = preSolution
		HideSolutionNode = FALSE
	EndGlobalSection
	GlobalSection(ExtensibilityGlobals) = postSolution
		SolutionGuid = {C4C63CBA-9F3D-4497-A664-C697F6B7F979}
	EndGlobalSection
EndGlobal
